
Microsoft Visual Studio Solution File, Format Version 12.00
# Visual Studio Express 2013 for Windows
VisualStudioVersion = 12.0.40629.0
MinimumVisualStudioVersion = 10.0.40219.1
Project("{2150E333-8FDC-42A3-9474-1A3956D46DE8}") = "WindowsPhone8", "WindowsPhone8", "{AAF167CE-D5CF-4D3F-8852-839963F0BFD0}"
EndProject
Project("{2150E333-8FDC-42A3-9474-1A3956D46DE8}") = "Windows8", "Windows8", "{A9378905-D04C-4E54-AFA0-43278EE8ED9A}"
EndProject
Project("{FAE04EC0-301F-11D3-BF4B-00C04F79EFBC}") = "GOPluginProjectWin8", "Windows8\GOPluginProjectWin8\GOPluginProjectWin8.csproj", "{298FA9B5-AF2B-44D9-B027-647F80769E11}"
EndProject
Project("{FAE04EC0-301F-11D3-BF4B-00C04F79EFBC}") = "GOPluginProjectWP8", "WindowsPhone8\GOPluginProjectWP8\GOPluginProjectWP8.csproj", "{62233D93-66B1-4D30-818E-4B99FF656C6B}"
EndProject
Project("{2150E333-8FDC-42A3-9474-1A3956D46DE8}") = "Solution Items", "Solution Items", "{3A90D6F9-D027-43A6-B1EB-6E5990EDEB5C}"
	ProjectSection(SolutionItems) = preProject
		README.md = README.md
		SETUP.md = SETUP.md
		SetupGuide.docx = SetupGuide.docx
	EndProjectSection
EndProject
Project("{FAE04EC0-301F-11D3-BF4B-00C04F79EFBC}") = "PluginExampleGalleryFiles_Win8", "Windows8\PluginExampleGalleryFiles_Win8\PluginExampleGalleryFiles_Win8.csproj", "{79CB1B1F-EDCF-48FE-BFEC-48F299B1E603}"
EndProject
Project("{FAE04EC0-301F-11D3-BF4B-00C04F79EFBC}") = "PluginExampleMusicPlayer_Win8", "Windows8\PluginExampleMusicPlayer_Win8\PluginExampleMusicPlayer_Win8.csproj", "{4FF30F9C-03F9-49A1-B497-0DF9A2C9CACD}"
EndProject
Project("{FAE04EC0-301F-11D3-BF4B-00C04F79EFBC}") = "PluginExampleContacts_Win8", "Windows8\PluginExampleContacts_Win8\PluginExampleContacts_Win8.csproj", "{C6B98EF5-80C2-47E4-AB0A-A397AEC4B3A4}"
EndProject
Project("{FAE04EC0-301F-11D3-BF4B-00C04F79EFBC}") = "PluginExampleGalleryFiles_WP8", "WindowsPhone8\PluginExampleGalleryFiles_WP8\PluginExampleGalleryFiles_WP8.csproj", "{A58FEF29-C5DD-4EAD-A3C6-6183308FA292}"
EndProject
Project("{FAE04EC0-301F-11D3-BF4B-00C04F79EFBC}") = "PluginExampleMusicPlayer_WP8", "WindowsPhone8\PluginExampleMusicPlayer_WP8\PluginExampleMusicPlayer_WP8.csproj", "{7C5D1E73-B37E-4124-9E7E-6A5AF20A9E02}"
EndProject
Project("{FAE04EC0-301F-11D3-BF4B-00C04F79EFBC}") = "PluginExampleVibrate_WP8", "WindowsPhone8\PluginExampleVibrate_WP8\PluginExampleVibrate_WP8.csproj", "{FC6875F5-E0B9-48C5-9A55-96F486ECFCC8}"
EndProject
Project("{FAE04EC0-301F-11D3-BF4B-00C04F79EFBC}") = "PluginExampleContacts_WP8", "WindowsPhone8\PluginExampleContacts_WP8\PluginExampleContacts_WP8.csproj", "{9AC30D6E-6B82-4630-83F3-DA10AC251A54}"
EndProject
Project("{FAE04EC0-301F-11D3-BF4B-00C04F79EFBC}") = "PluginExampleAdMob_WP8", "WindowsPhone8\PluginExampleAdMob_WP8\PluginExampleAdMob_WP8.csproj", "{6F49297A-8B1C-43FF-BCE5-728CF3FE7B41}"
EndProject
Global
	GlobalSection(SolutionConfigurationPlatforms) = preSolution
		Debug|Any CPU = Debug|Any CPU
		Debug|ARM = Debug|ARM
		Debug|x64 = Debug|x64
		Debug|x86 = Debug|x86
		Release|Any CPU = Release|Any CPU
		Release|ARM = Release|ARM
		Release|x64 = Release|x64
		Release|x86 = Release|x86
	EndGlobalSection
	GlobalSection(ProjectConfigurationPlatforms) = postSolution
		{298FA9B5-AF2B-44D9-B027-647F80769E11}.Debug|Any CPU.ActiveCfg = Debug|Any CPU
		{298FA9B5-AF2B-44D9-B027-647F80769E11}.Debug|Any CPU.Build.0 = Debug|Any CPU
		{298FA9B5-AF2B-44D9-B027-647F80769E11}.Debug|Any CPU.Deploy.0 = Debug|Any CPU
		{298FA9B5-AF2B-44D9-B027-647F80769E11}.Debug|ARM.ActiveCfg = Debug|ARM
		{298FA9B5-AF2B-44D9-B027-647F80769E11}.Debug|ARM.Build.0 = Debug|ARM
		{298FA9B5-AF2B-44D9-B027-647F80769E11}.Debug|ARM.Deploy.0 = Debug|ARM
		{298FA9B5-AF2B-44D9-B027-647F80769E11}.Debug|x64.ActiveCfg = Debug|x64
		{298FA9B5-AF2B-44D9-B027-647F80769E11}.Debug|x64.Build.0 = Debug|x64
		{298FA9B5-AF2B-44D9-B027-647F80769E11}.Debug|x64.Deploy.0 = Debug|x64
		{298FA9B5-AF2B-44D9-B027-647F80769E11}.Debug|x86.ActiveCfg = Debug|x86
		{298FA9B5-AF2B-44D9-B027-647F80769E11}.Debug|x86.Build.0 = Debug|x86
		{298FA9B5-AF2B-44D9-B027-647F80769E11}.Debug|x86.Deploy.0 = Debug|x86
		{298FA9B5-AF2B-44D9-B027-647F80769E11}.Release|Any CPU.ActiveCfg = Release|Any CPU
		{298FA9B5-AF2B-44D9-B027-647F80769E11}.Release|Any CPU.Build.0 = Release|Any CPU
		{298FA9B5-AF2B-44D9-B027-647F80769E11}.Release|Any CPU.Deploy.0 = Release|Any CPU
		{298FA9B5-AF2B-44D9-B027-647F80769E11}.Release|ARM.ActiveCfg = Release|ARM
		{298FA9B5-AF2B-44D9-B027-647F80769E11}.Release|ARM.Build.0 = Release|ARM
		{298FA9B5-AF2B-44D9-B027-647F80769E11}.Release|ARM.Deploy.0 = Release|ARM
		{298FA9B5-AF2B-44D9-B027-647F80769E11}.Release|x64.ActiveCfg = Release|x64
		{298FA9B5-AF2B-44D9-B027-647F80769E11}.Release|x64.Build.0 = Release|x64
		{298FA9B5-AF2B-44D9-B027-647F80769E11}.Release|x64.Deploy.0 = Release|x64
		{298FA9B5-AF2B-44D9-B027-647F80769E11}.Release|x86.ActiveCfg = Release|x86
		{298FA9B5-AF2B-44D9-B027-647F80769E11}.Release|x86.Build.0 = Release|x86
		{298FA9B5-AF2B-44D9-B027-647F80769E11}.Release|x86.Deploy.0 = Release|x86
		{62233D93-66B1-4D30-818E-4B99FF656C6B}.Debug|Any CPU.ActiveCfg = Debug|Any CPU
		{62233D93-66B1-4D30-818E-4B99FF656C6B}.Debug|Any CPU.Build.0 = Debug|Any CPU
		{62233D93-66B1-4D30-818E-4B99FF656C6B}.Debug|Any CPU.Deploy.0 = Debug|Any CPU
		{62233D93-66B1-4D30-818E-4B99FF656C6B}.Debug|ARM.ActiveCfg = Debug|ARM
		{62233D93-66B1-4D30-818E-4B99FF656C6B}.Debug|ARM.Build.0 = Debug|ARM
		{62233D93-66B1-4D30-818E-4B99FF656C6B}.Debug|ARM.Deploy.0 = Debug|ARM
		{62233D93-66B1-4D30-818E-4B99FF656C6B}.Debug|x64.ActiveCfg = Debug|Any CPU
		{62233D93-66B1-4D30-818E-4B99FF656C6B}.Debug|x86.ActiveCfg = Debug|x86
		{62233D93-66B1-4D30-818E-4B99FF656C6B}.Debug|x86.Build.0 = Debug|x86
		{62233D93-66B1-4D30-818E-4B99FF656C6B}.Debug|x86.Deploy.0 = Debug|x86
		{62233D93-66B1-4D30-818E-4B99FF656C6B}.Release|Any CPU.ActiveCfg = Release|Any CPU
		{62233D93-66B1-4D30-818E-4B99FF656C6B}.Release|Any CPU.Build.0 = Release|Any CPU
		{62233D93-66B1-4D30-818E-4B99FF656C6B}.Release|Any CPU.Deploy.0 = Release|Any CPU
		{62233D93-66B1-4D30-818E-4B99FF656C6B}.Release|ARM.ActiveCfg = Release|ARM
		{62233D93-66B1-4D30-818E-4B99FF656C6B}.Release|ARM.Build.0 = Release|ARM
		{62233D93-66B1-4D30-818E-4B99FF656C6B}.Release|ARM.Deploy.0 = Release|ARM
		{62233D93-66B1-4D30-818E-4B99FF656C6B}.Release|x64.ActiveCfg = Release|Any CPU
		{62233D93-66B1-4D30-818E-4B99FF656C6B}.Release|x86.ActiveCfg = Release|x86
		{62233D93-66B1-4D30-818E-4B99FF656C6B}.Release|x86.Build.0 = Release|x86
		{62233D93-66B1-4D30-818E-4B99FF656C6B}.Release|x86.Deploy.0 = Release|x86
		{79CB1B1F-EDCF-48FE-BFEC-48F299B1E603}.Debug|Any CPU.ActiveCfg = Debug|Any CPU
		{79CB1B1F-EDCF-48FE-BFEC-48F299B1E603}.Debug|Any CPU.Build.0 = Debug|Any CPU
		{79CB1B1F-EDCF-48FE-BFEC-48F299B1E603}.Debug|ARM.ActiveCfg = Debug|ARM
		{79CB1B1F-EDCF-48FE-BFEC-48F299B1E603}.Debug|ARM.Build.0 = Debug|ARM
		{79CB1B1F-EDCF-48FE-BFEC-48F299B1E603}.Debug|x64.ActiveCfg = Debug|x64
		{79CB1B1F-EDCF-48FE-BFEC-48F299B1E603}.Debug|x64.Build.0 = Debug|x64
		{79CB1B1F-EDCF-48FE-BFEC-48F299B1E603}.Debug|x86.ActiveCfg = Debug|x86
		{79CB1B1F-EDCF-48FE-BFEC-48F299B1E603}.Debug|x86.Build.0 = Debug|x86
		{79CB1B1F-EDCF-48FE-BFEC-48F299B1E603}.Release|Any CPU.ActiveCfg = Release|Any CPU
		{79CB1B1F-EDCF-48FE-BFEC-48F299B1E603}.Release|Any CPU.Build.0 = Release|Any CPU
		{79CB1B1F-EDCF-48FE-BFEC-48F299B1E603}.Release|ARM.ActiveCfg = Release|ARM
		{79CB1B1F-EDCF-48FE-BFEC-48F299B1E603}.Release|ARM.Build.0 = Release|ARM
		{79CB1B1F-EDCF-48FE-BFEC-48F299B1E603}.Release|x64.ActiveCfg = Release|x64
		{79CB1B1F-EDCF-48FE-BFEC-48F299B1E603}.Release|x64.Build.0 = Release|x64
		{79CB1B1F-EDCF-48FE-BFEC-48F299B1E603}.Release|x86.ActiveCfg = Release|x86
		{79CB1B1F-EDCF-48FE-BFEC-48F299B1E603}.Release|x86.Build.0 = Release|x86
		{4FF30F9C-03F9-49A1-B497-0DF9A2C9CACD}.Debug|Any CPU.ActiveCfg = Debug|Any CPU
		{4FF30F9C-03F9-49A1-B497-0DF9A2C9CACD}.Debug|Any CPU.Build.0 = Debug|Any CPU
		{4FF30F9C-03F9-49A1-B497-0DF9A2C9CACD}.Debug|ARM.ActiveCfg = Debug|ARM
		{4FF30F9C-03F9-49A1-B497-0DF9A2C9CACD}.Debug|ARM.Build.0 = Debug|ARM
		{4FF30F9C-03F9-49A1-B497-0DF9A2C9CACD}.Debug|x64.ActiveCfg = Debug|x64
		{4FF30F9C-03F9-49A1-B497-0DF9A2C9CACD}.Debug|x64.Build.0 = Debug|x64
		{4FF30F9C-03F9-49A1-B497-0DF9A2C9CACD}.Debug|x86.ActiveCfg = Debug|x86
		{4FF30F9C-03F9-49A1-B497-0DF9A2C9CACD}.Debug|x86.Build.0 = Debug|x86
		{4FF30F9C-03F9-49A1-B497-0DF9A2C9CACD}.Release|Any CPU.ActiveCfg = Release|Any CPU
		{4FF30F9C-03F9-49A1-B497-0DF9A2C9CACD}.Release|Any CPU.Build.0 = Release|Any CPU
		{4FF30F9C-03F9-49A1-B497-0DF9A2C9CACD}.Release|ARM.ActiveCfg = Release|ARM
		{4FF30F9C-03F9-49A1-B497-0DF9A2C9CACD}.Release|ARM.Build.0 = Release|ARM
		{4FF30F9C-03F9-49A1-B497-0DF9A2C9CACD}.Release|x64.ActiveCfg = Release|x64
		{4FF30F9C-03F9-49A1-B497-0DF9A2C9CACD}.Release|x64.Build.0 = Release|x64
		{4FF30F9C-03F9-49A1-B497-0DF9A2C9CACD}.Release|x86.ActiveCfg = Release|x86
		{4FF30F9C-03F9-49A1-B497-0DF9A2C9CACD}.Release|x86.Build.0 = Release|x86
		{C6B98EF5-80C2-47E4-AB0A-A397AEC4B3A4}.Debug|Any CPU.ActiveCfg = Debug|Any CPU
		{C6B98EF5-80C2-47E4-AB0A-A397AEC4B3A4}.Debug|Any CPU.Build.0 = Debug|Any CPU
		{C6B98EF5-80C2-47E4-AB0A-A397AEC4B3A4}.Debug|ARM.ActiveCfg = Debug|ARM
		{C6B98EF5-80C2-47E4-AB0A-A397AEC4B3A4}.Debug|ARM.Build.0 = Debug|ARM
		{C6B98EF5-80C2-47E4-AB0A-A397AEC4B3A4}.Debug|x64.ActiveCfg = Debug|x64
		{C6B98EF5-80C2-47E4-AB0A-A397AEC4B3A4}.Debug|x64.Build.0 = Debug|x64
		{C6B98EF5-80C2-47E4-AB0A-A397AEC4B3A4}.Debug|x86.ActiveCfg = Debug|x86
		{C6B98EF5-80C2-47E4-AB0A-A397AEC4B3A4}.Debug|x86.Build.0 = Debug|x86
		{C6B98EF5-80C2-47E4-AB0A-A397AEC4B3A4}.Release|Any CPU.ActiveCfg = Release|Any CPU
		{C6B98EF5-80C2-47E4-AB0A-A397AEC4B3A4}.Release|Any CPU.Build.0 = Release|Any CPU
		{C6B98EF5-80C2-47E4-AB0A-A397AEC4B3A4}.Release|ARM.ActiveCfg = Release|ARM
		{C6B98EF5-80C2-47E4-AB0A-A397AEC4B3A4}.Release|ARM.Build.0 = Release|ARM
		{C6B98EF5-80C2-47E4-AB0A-A397AEC4B3A4}.Release|x64.ActiveCfg = Release|x64
		{C6B98EF5-80C2-47E4-AB0A-A397AEC4B3A4}.Release|x64.Build.0 = Release|x64
		{C6B98EF5-80C2-47E4-AB0A-A397AEC4B3A4}.Release|x86.ActiveCfg = Release|x86
		{C6B98EF5-80C2-47E4-AB0A-A397AEC4B3A4}.Release|x86.Build.0 = Release|x86
		{A58FEF29-C5DD-4EAD-A3C6-6183308FA292}.Debug|Any CPU.ActiveCfg = Debug|Any CPU
		{A58FEF29-C5DD-4EAD-A3C6-6183308FA292}.Debug|Any CPU.Build.0 = Debug|Any CPU
		{A58FEF29-C5DD-4EAD-A3C6-6183308FA292}.Debug|ARM.ActiveCfg = Debug|ARM
		{A58FEF29-C5DD-4EAD-A3C6-6183308FA292}.Debug|ARM.Build.0 = Debug|ARM
		{A58FEF29-C5DD-4EAD-A3C6-6183308FA292}.Debug|x64.ActiveCfg = Debug|Any CPU
		{A58FEF29-C5DD-4EAD-A3C6-6183308FA292}.Debug|x86.ActiveCfg = Debug|x86
		{A58FEF29-C5DD-4EAD-A3C6-6183308FA292}.Debug|x86.Build.0 = Debug|x86
		{A58FEF29-C5DD-4EAD-A3C6-6183308FA292}.Release|Any CPU.ActiveCfg = Release|Any CPU
		{A58FEF29-C5DD-4EAD-A3C6-6183308FA292}.Release|Any CPU.Build.0 = Release|Any CPU
		{A58FEF29-C5DD-4EAD-A3C6-6183308FA292}.Release|ARM.ActiveCfg = Release|ARM
		{A58FEF29-C5DD-4EAD-A3C6-6183308FA292}.Release|ARM.Build.0 = Release|ARM
		{A58FEF29-C5DD-4EAD-A3C6-6183308FA292}.Release|x64.ActiveCfg = Release|Any CPU
		{A58FEF29-C5DD-4EAD-A3C6-6183308FA292}.Release|x86.ActiveCfg = Release|x86
		{A58FEF29-C5DD-4EAD-A3C6-6183308FA292}.Release|x86.Build.0 = Release|x86
		{7C5D1E73-B37E-4124-9E7E-6A5AF20A9E02}.Debug|Any CPU.ActiveCfg = Debug|Any CPU
		{7C5D1E73-B37E-4124-9E7E-6A5AF20A9E02}.Debug|Any CPU.Build.0 = Debug|Any CPU
		{7C5D1E73-B37E-4124-9E7E-6A5AF20A9E02}.Debug|ARM.ActiveCfg = Debug|ARM
		{7C5D1E73-B37E-4124-9E7E-6A5AF20A9E02}.Debug|ARM.Build.0 = Debug|ARM
		{7C5D1E73-B37E-4124-9E7E-6A5AF20A9E02}.Debug|x64.ActiveCfg = Debug|Any CPU
		{7C5D1E73-B37E-4124-9E7E-6A5AF20A9E02}.Debug|x86.ActiveCfg = Debug|x86
		{7C5D1E73-B37E-4124-9E7E-6A5AF20A9E02}.Debug|x86.Build.0 = Debug|x86
		{7C5D1E73-B37E-4124-9E7E-6A5AF20A9E02}.Release|Any CPU.ActiveCfg = Release|Any CPU
		{7C5D1E73-B37E-4124-9E7E-6A5AF20A9E02}.Release|Any CPU.Build.0 = Release|Any CPU
		{7C5D1E73-B37E-4124-9E7E-6A5AF20A9E02}.Release|ARM.ActiveCfg = Release|ARM
		{7C5D1E73-B37E-4124-9E7E-6A5AF20A9E02}.Release|ARM.Build.0 = Release|ARM
		{7C5D1E73-B37E-4124-9E7E-6A5AF20A9E02}.Release|x64.ActiveCfg = Release|Any CPU
		{7C5D1E73-B37E-4124-9E7E-6A5AF20A9E02}.Release|x86.ActiveCfg = Release|x86
		{7C5D1E73-B37E-4124-9E7E-6A5AF20A9E02}.Release|x86.Build.0 = Release|x86
		{FC6875F5-E0B9-48C5-9A55-96F486ECFCC8}.Debug|Any CPU.ActiveCfg = Debug|Any CPU
		{FC6875F5-E0B9-48C5-9A55-96F486ECFCC8}.Debug|Any CPU.Build.0 = Debug|Any CPU
		{FC6875F5-E0B9-48C5-9A55-96F486ECFCC8}.Debug|ARM.ActiveCfg = Debug|ARM
		{FC6875F5-E0B9-48C5-9A55-96F486ECFCC8}.Debug|ARM.Build.0 = Debug|ARM
		{FC6875F5-E0B9-48C5-9A55-96F486ECFCC8}.Debug|x64.ActiveCfg = Debug|Any CPU
		{FC6875F5-E0B9-48C5-9A55-96F486ECFCC8}.Debug|x86.ActiveCfg = Debug|x86
		{FC6875F5-E0B9-48C5-9A55-96F486ECFCC8}.Debug|x86.Build.0 = Debug|x86
		{FC6875F5-E0B9-48C5-9A55-96F486ECFCC8}.Release|Any CPU.ActiveCfg = Release|Any CPU
		{FC6875F5-E0B9-48C5-9A55-96F486ECFCC8}.Release|Any CPU.Build.0 = Release|Any CPU
		{FC6875F5-E0B9-48C5-9A55-96F486ECFCC8}.Release|ARM.ActiveCfg = Release|ARM
		{FC6875F5-E0B9-48C5-9A55-96F486ECFCC8}.Release|ARM.Build.0 = Release|ARM
		{FC6875F5-E0B9-48C5-9A55-96F486ECFCC8}.Release|x64.ActiveCfg = Release|Any CPU
		{FC6875F5-E0B9-48C5-9A55-96F486ECFCC8}.Release|x86.ActiveCfg = Release|x86
		{FC6875F5-E0B9-48C5-9A55-96F486ECFCC8}.Release|x86.Build.0 = Release|x86
		{9AC30D6E-6B82-4630-83F3-DA10AC251A54}.Debug|Any CPU.ActiveCfg = Debug|Any CPU
		{9AC30D6E-6B82-4630-83F3-DA10AC251A54}.Debug|Any CPU.Build.0 = Debug|Any CPU
		{9AC30D6E-6B82-4630-83F3-DA10AC251A54}.Debug|ARM.ActiveCfg = Debug|ARM
		{9AC30D6E-6B82-4630-83F3-DA10AC251A54}.Debug|ARM.Build.0 = Debug|ARM
		{9AC30D6E-6B82-4630-83F3-DA10AC251A54}.Debug|x64.ActiveCfg = Debug|Any CPU
		{9AC30D6E-6B82-4630-83F3-DA10AC251A54}.Debug|x86.ActiveCfg = Debug|x86
		{9AC30D6E-6B82-4630-83F3-DA10AC251A54}.Debug|x86.Build.0 = Debug|x86
		{9AC30D6E-6B82-4630-83F3-DA10AC251A54}.Release|Any CPU.ActiveCfg = Release|Any CPU
		{9AC30D6E-6B82-4630-83F3-DA10AC251A54}.Release|Any CPU.Build.0 = Release|Any CPU
		{9AC30D6E-6B82-4630-83F3-DA10AC251A54}.Release|ARM.ActiveCfg = Release|ARM
		{9AC30D6E-6B82-4630-83F3-DA10AC251A54}.Release|ARM.Build.0 = Release|ARM
		{9AC30D6E-6B82-4630-83F3-DA10AC251A54}.Release|x64.ActiveCfg = Release|Any CPU
		{9AC30D6E-6B82-4630-83F3-DA10AC251A54}.Release|x86.ActiveCfg = Release|x86
		{9AC30D6E-6B82-4630-83F3-DA10AC251A54}.Release|x86.Build.0 = Release|x86
		{6F49297A-8B1C-43FF-BCE5-728CF3FE7B41}.Debug|Any CPU.ActiveCfg = Debug|Any CPU
		{6F49297A-8B1C-43FF-BCE5-728CF3FE7B41}.Debug|Any CPU.Build.0 = Debug|Any CPU
		{6F49297A-8B1C-43FF-BCE5-728CF3FE7B41}.Debug|ARM.ActiveCfg = Debug|ARM
		{6F49297A-8B1C-43FF-BCE5-728CF3FE7B41}.Debug|ARM.Build.0 = Debug|ARM
		{6F49297A-8B1C-43FF-BCE5-728CF3FE7B41}.Debug|x64.ActiveCfg = Debug|Any CPU
		{6F49297A-8B1C-43FF-BCE5-728CF3FE7B41}.Debug|x86.ActiveCfg = Debug|x86
		{6F49297A-8B1C-43FF-BCE5-728CF3FE7B41}.Debug|x86.Build.0 = Debug|x86
		{6F49297A-8B1C-43FF-BCE5-728CF3FE7B41}.Release|Any CPU.ActiveCfg = Release|Any CPU
		{6F49297A-8B1C-43FF-BCE5-728CF3FE7B41}.Release|Any CPU.Build.0 = Release|Any CPU
		{6F49297A-8B1C-43FF-BCE5-728CF3FE7B41}.Release|ARM.ActiveCfg = Release|ARM
		{6F49297A-8B1C-43FF-BCE5-728CF3FE7B41}.Release|ARM.Build.0 = Release|ARM
		{6F49297A-8B1C-43FF-BCE5-728CF3FE7B41}.Release|x64.ActiveCfg = Release|Any CPU
		{6F49297A-8B1C-43FF-BCE5-728CF3FE7B41}.Release|x86.ActiveCfg = Release|x86
		{6F49297A-8B1C-43FF-BCE5-728CF3FE7B41}.Release|x86.Build.0 = Release|x86
	EndGlobalSection
	GlobalSection(SolutionProperties) = preSolution
		HideSolutionNode = FALSE
	EndGlobalSection
	GlobalSection(NestedProjects) = preSolution
		{298FA9B5-AF2B-44D9-B027-647F80769E11} = {A9378905-D04C-4E54-AFA0-43278EE8ED9A}
		{62233D93-66B1-4D30-818E-4B99FF656C6B} = {AAF167CE-D5CF-4D3F-8852-839963F0BFD0}
		{79CB1B1F-EDCF-48FE-BFEC-48F299B1E603} = {A9378905-D04C-4E54-AFA0-43278EE8ED9A}
		{4FF30F9C-03F9-49A1-B497-0DF9A2C9CACD} = {A9378905-D04C-4E54-AFA0-43278EE8ED9A}
		{C6B98EF5-80C2-47E4-AB0A-A397AEC4B3A4} = {A9378905-D04C-4E54-AFA0-43278EE8ED9A}
		{A58FEF29-C5DD-4EAD-A3C6-6183308FA292} = {AAF167CE-D5CF-4D3F-8852-839963F0BFD0}
		{7C5D1E73-B37E-4124-9E7E-6A5AF20A9E02} = {AAF167CE-D5CF-4D3F-8852-839963F0BFD0}
		{FC6875F5-E0B9-48C5-9A55-96F486ECFCC8} = {AAF167CE-D5CF-4D3F-8852-839963F0BFD0}
		{9AC30D6E-6B82-4630-83F3-DA10AC251A54} = {AAF167CE-D5CF-4D3F-8852-839963F0BFD0}
		{6F49297A-8B1C-43FF-BCE5-728CF3FE7B41} = {AAF167CE-D5CF-4D3F-8852-839963F0BFD0}
	EndGlobalSection
EndGlobal
